
Microsoft Visual Studio Solution File, Format Version 11.00
# Visual Studio 2010
Project("{F2A71F9B-5D33-465A-A702-920D77279786}") = "fs-500", "src\fs-500\fs-500.fsproj", "{15774399-36D1-4ECC-813C-99F68C43BC56}"
EndProject
Project("{F2A71F9B-5D33-465A-A702-920D77279786}") = "fs-500-tests", "src\fs-500-tests\fs-500-tests.fsproj", "{42A2C75D-52BF-4593-A096-F178232B78BE}"
EndProject
Global
	GlobalSection(SolutionConfigurationPlatforms) = preSolution
		Debug|Any CPU = Debug|Any CPU
		Debug|Mixed Platforms = Debug|Mixed Platforms
		Debug|x86 = Debug|x86
		Release|Any CPU = Release|Any CPU
		Release|Mixed Platforms = Release|Mixed Platforms
		Release|x86 = Release|x86
	EndGlobalSection
	GlobalSection(ProjectConfigurationPlatforms) = postSolution
		{15774399-36D1-4ECC-813C-99F68C43BC56}.Debug|Any CPU.ActiveCfg = Debug|x86
		{15774399-36D1-4ECC-813C-99F68C43BC56}.Debug|Mixed Platforms.ActiveCfg = Debug|x86
		{15774399-36D1-4ECC-813C-99F68C43BC56}.Debug|Mixed Platforms.Build.0 = Debug|x86
		{15774399-36D1-4ECC-813C-99F68C43BC56}.Debug|x86.ActiveCfg = Debug|x86
		{15774399-36D1-4ECC-813C-99F68C43BC56}.Debug|x86.Build.0 = Debug|x86
		{15774399-36D1-4ECC-813C-99F68C43BC56}.Release|Any CPU.ActiveCfg = Release|x86
		{15774399-36D1-4ECC-813C-99F68C43BC56}.Release|Mixed Platforms.ActiveCfg = Release|x86
		{15774399-36D1-4ECC-813C-99F68C43BC56}.Release|Mixed Platforms.Build.0 = Release|x86
		{15774399-36D1-4ECC-813C-99F68C43BC56}.Release|x86.ActiveCfg = Release|x86
		{15774399-36D1-4ECC-813C-99F68C43BC56}.Release|x86.Build.0 = Release|x86
		{42A2C75D-52BF-4593-A096-F178232B78BE}.Debug|Any CPU.ActiveCfg = Debug|Any CPU
		{42A2C75D-52BF-4593-A096-F178232B78BE}.Debug|Any CPU.Build.0 = Debug|Any CPU
		{42A2C75D-52BF-4593-A096-F178232B78BE}.Debug|Mixed Platforms.ActiveCfg = Debug|Any CPU
		{42A2C75D-52BF-4593-A096-F178232B78BE}.Debug|Mixed Platforms.Build.0 = Debug|Any CPU
		{42A2C75D-52BF-4593-A096-F178232B78BE}.Debug|x86.ActiveCfg = Debug|Any CPU
		{42A2C75D-52BF-4593-A096-F178232B78BE}.Release|Any CPU.ActiveCfg = Release|Any CPU
		{42A2C75D-52BF-4593-A096-F178232B78BE}.Release|Any CPU.Build.0 = Release|Any CPU
		{42A2C75D-52BF-4593-A096-F178232B78BE}.Release|Mixed Platforms.ActiveCfg = Release|Any CPU
		{42A2C75D-52BF-4593-A096-F178232B78BE}.Release|Mixed Platforms.Build.0 = Release|Any CPU
		{42A2C75D-52BF-4593-A096-F178232B78BE}.Release|x86.ActiveCfg = Release|Any CPU
	EndGlobalSection
	GlobalSection(SolutionProperties) = preSolution
		HideSolutionNode = FALSE
	EndGlobalSection
EndGlobal
